// !$*UTF8*$!
{
	archiveVersion = 1;
	classes = {
	};
	objectVersion = 77;
	objects = {

/* Begin PBXContainerItemProxy section */
		88A96F762D3B6F3900C1A8A5 /* PBXContainerItemProxy */ = {
			isa = PBXContainerItemProxy;
			containerPortal = 88A96F592D3B6F3800C1A8A5 /* Project object */;
			proxyType = 1;
			remoteGlobalIDString = 88A96F602D3B6F3800C1A8A5;
			remoteInfo = SignifcanceOfStones;
		};
		88A96F802D3B6F3900C1A8A5 /* PBXContainerItemProxy */ = {
			isa = PBXContainerItemProxy;
			containerPortal = 88A96F592D3B6F3800C1A8A5 /* Project object */;
			proxyType = 1;
			remoteGlobalIDString = 88A96F602D3B6F3800C1A8A5;
			remoteInfo = SignifcanceOfStones;
		};
/* End PBXContainerItemProxy section */

/* Begin PBXFileReference section */
		88A96F612D3B6F3800C1A8A5 /* SignifcanceOfStones.app */ = {isa = PBXFileReference; explicitFileType = wrapper.application; includeInIndex = 0; path = SignifcanceOfStones.app; sourceTree = BUILT_PRODUCTS_DIR; };
		88A96F752D3B6F3900C1A8A5 /* SignifcanceOfStonesTests.xctest */ = {isa = PBXFileReference; explicitFileType = wrapper.cfbundle; includeInIndex = 0; path = SignifcanceOfStonesTests.xctest; sourceTree = BUILT_PRODUCTS_DIR; };
		88A96F7F2D3B6F3900C1A8A5 /* SignifcanceOfStonesUITests.xctest */ = {isa = PBXFileReference; explicitFileType = wrapper.cfbundle; includeInIndex = 0; path = SignifcanceOfStonesUITests.xctest; sourceTree = BUILT_PRODUCTS_DIR; };
/* End PBXFileReference section */

/* Begin PBXFileSystemSynchronizedBuildFileExceptionSet section */
		88A96F872D3B6F3900C1A8A5 /* Exceptions for "SignifcanceOfStones" folder in "SignifcanceOfStones" target */ = {
			isa = PBXFileSystemSynchronizedBuildFileExceptionSet;
			membershipExceptions = (
				Info.plist,
			);
			target = 88A96F602D3B6F3800C1A8A5 /* SignifcanceOfStones */;
		};
/* End PBXFileSystemSynchronizedBuildFileExceptionSet section */

/* Begin PBXFileSystemSynchronizedRootGroup section */
		88A96F632D3B6F3800C1A8A5 /* SignifcanceOfStones */ = {
			isa = PBXFileSystemSynchronizedRootGroup;
			exceptions = (
				88A96F872D3B6F3900C1A8A5 /* Exceptions for "SignifcanceOfStones" folder in "SignifcanceOfStones" target */,
			);
			path = SignifcanceOfStones;
			sourceTree = "<group>";
		};
		88A96F782D3B6F3900C1A8A5 /* SignifcanceOfStonesTests */ = {
			isa = PBXFileSystemSynchronizedRootGroup;
			path = SignifcanceOfStonesTests;
			sourceTree = "<group>";
		};
		88A96F822D3B6F3900C1A8A5 /* SignifcanceOfStonesUITests */ = {
			isa = PBXFileSystemSynchronizedRootGroup;
			path = SignifcanceOfStonesUITests;
			sourceTree = "<group>";
		};
/* End PBXFileSystemSynchronizedRootGroup section */

/* Begin PBXFrameworksBuildPhase section */
		88A96F5E2D3B6F3800C1A8A5 /* Frameworks */ = {
			isa = PBXFrameworksBuildPhase;
			buildActionMask = 2147483647;
			files = (
			);
			runOnlyForDeploymentPostprocessing = 0;
		};
		88A96F722D3B6F3900C1A8A5 /* Frameworks */ = {
			isa = PBXFrameworksBuildPhase;
			buildActionMask = 2147483647;
			files = (
			);
			runOnlyForDeploymentPostprocessing = 0;
		};
		88A96F7C2D3B6F3900C1A8A5 /* Frameworks */ = {
			isa = PBXFrameworksBuildPhase;
			buildActionMask = 2147483647;
			files = (
			);
			runOnlyForDeploymentPostprocessing = 0;
		};
/* End PBXFrameworksBuildPhase section */

/* Begin PBXGroup section */
		88A96F582D3B6F3800C1A8A5 = {
			isa = PBXGroup;
			children = (
				88A96F632D3B6F3800C1A8A5 /* SignifcanceOfStones */,
				88A96F782D3B6F3900C1A8A5 /* SignifcanceOfStonesTests */,
				88A96F822D3B6F3900C1A8A5 /* SignifcanceOfStonesUITests */,
				88A96F622D3B6F3800C1A8A5 /* Products */,
			);
			sourceTree = "<group>";
		};
		88A96F622D3B6F3800C1A8A5 /* Products */ = {
			isa = PBXGroup;
			children = (
				88A96F612D3B6F3800C1A8A5 /* SignifcanceOfStones.app */,
				88A96F752D3B6F3900C1A8A5 /* SignifcanceOfStonesTests.xctest */,
				88A96F7F2D3B6F3900C1A8A5 /* SignifcanceOfStonesUITests.xctest */,
			);
			name = Products;
			sourceTree = "<group>";
		};
/* End PBXGroup section */

/* Begin PBXNativeTarget section */
		88A96F602D3B6F3800C1A8A5 /* SignifcanceOfStones */ = {
			isa = PBXNativeTarget;
			buildConfigurationList = 88A96F882D3B6F3900C1A8A5 /* Build configuration list for PBXNativeTarget "SignifcanceOfStones" */;
			buildPhases = (
				88A96F5D2D3B6F3800C1A8A5 /* Sources */,
				88A96F5E2D3B6F3800C1A8A5 /* Frameworks */,
				88A96F5F2D3B6F3800C1A8A5 /* Resources */,
			);
			buildRules = (
			);
			dependencies = (
			);
			fileSystemSynchronizedGroups = (
				88A96F632D3B6F3800C1A8A5 /* SignifcanceOfStones */,
			);
			name = SignifcanceOfStones;
			packageProductDependencies = (
			);
			productName = SignifcanceOfStones;
			productReference = 88A96F612D3B6F3800C1A8A5 /* SignifcanceOfStones.app */;
			productType = "com.apple.product-type.application";
		};
		88A96F742D3B6F3900C1A8A5 /* SignifcanceOfStonesTests */ = {
			isa = PBXNativeTarget;
			buildConfigurationList = 88A96F8D2D3B6F3900C1A8A5 /* Build configuration list for PBXNativeTarget "SignifcanceOfStonesTests" */;
			buildPhases = (
				88A96F712D3B6F3900C1A8A5 /* Sources */,
				88A96F722D3B6F3900C1A8A5 /* Frameworks */,
				88A96F732D3B6F3900C1A8A5 /* Resources */,
			);
			buildRules = (
			);
			dependencies = (
				88A96F772D3B6F3900C1A8A5 /* PBXTargetDependency */,
			);
			fileSystemSynchronizedGroups = (
				88A96F782D3B6F3900C1A8A5 /* SignifcanceOfStonesTests */,
			);
			name = SignifcanceOfStonesTests;
			packageProductDependencies = (
			);
			productName = SignifcanceOfStonesTests;
			productReference = 88A96F752D3B6F3900C1A8A5 /* SignifcanceOfStonesTests.xctest */;
			productType = "com.apple.product-type.bundle.unit-test";
		};
		88A96F7E2D3B6F3900C1A8A5 /* SignifcanceOfStonesUITests */ = {
			isa = PBXNativeTarget;
			buildConfigurationList = 88A96F902D3B6F3900C1A8A5 /* Build configuration list for PBXNativeTarget "SignifcanceOfStonesUITests" */;
			buildPhases = (
				88A96F7B2D3B6F3900C1A8A5 /* Sources */,
				88A96F7C2D3B6F3900C1A8A5 /* Frameworks */,
				88A96F7D2D3B6F3900C1A8A5 /* Resources */,
			);
			buildRules = (
			);
			dependencies = (
				88A96F812D3B6F3900C1A8A5 /* PBXTargetDependency */,
			);
			fileSystemSynchronizedGroups = (
				88A96F822D3B6F3900C1A8A5 /* SignifcanceOfStonesUITests */,
			);
			name = SignifcanceOfStonesUITests;
			packageProductDependencies = (
			);
			productName = SignifcanceOfStonesUITests;
			productReference = 88A96F7F2D3B6F3900C1A8A5 /* SignifcanceOfStonesUITests.xctest */;
			productType = "com.apple.product-type.bundle.ui-testing";
		};
/* End PBXNativeTarget section */

/* Begin PBXProject section */
		88A96F592D3B6F3800C1A8A5 /* Project object */ = {
			isa = PBXProject;
			attributes = {
				BuildIndependentTargetsInParallel = 1;
				LastSwiftUpdateCheck = 1620;
				LastUpgradeCheck = 1620;
				TargetAttributes = {
					88A96F602D3B6F3800C1A8A5 = {
						CreatedOnToolsVersion = 16.2;
					};
					88A96F742D3B6F3900C1A8A5 = {
						CreatedOnToolsVersion = 16.2;
						TestTargetID = 88A96F602D3B6F3800C1A8A5;
					};
					88A96F7E2D3B6F3900C1A8A5 = {
						CreatedOnToolsVersion = 16.2;
						TestTargetID = 88A96F602D3B6F3800C1A8A5;
					};
				};
			};
			buildConfigurationList = 88A96F5C2D3B6F3800C1A8A5 /* Build configuration list for PBXProject "SignifcanceOfStones" */;
			developmentRegion = en;
			hasScannedForEncodings = 0;
			knownRegions = (
				en,
				Base,
			);
			mainGroup = 88A96F582D3B6F3800C1A8A5;
			minimizedProjectReferenceProxies = 1;
			preferredProjectObjectVersion = 77;
			productRefGroup = 88A96F622D3B6F3800C1A8A5 /* Products */;
			projectDirPath = "";
			projectRoot = "";
			targets = (
				88A96F602D3B6F3800C1A8A5 /* SignifcanceOfStones */,
				88A96F742D3B6F3900C1A8A5 /* SignifcanceOfStonesTests */,
				88A96F7E2D3B6F3900C1A8A5 /* SignifcanceOfStonesUITests */,
			);
		};
/* End PBXProject section */

/* Begin PBXResourcesBuildPhase section */
		88A96F5F2D3B6F3800C1A8A5 /* Resources */ = {
			isa = PBXResourcesBuildPhase;
			buildActionMask = 2147483647;
			files = (
			);
			runOnlyForDeploymentPostprocessing = 0;
		};
		88A96F732D3B6F3900C1A8A5 /* Resources */ = {
			isa = PBXResourcesBuildPhase;
			buildActionMask = 2147483647;
			files = (
			);
			runOnlyForDeploymentPostprocessing = 0;
		};
		88A96F7D2D3B6F3900C1A8A5 /* Resources */ = {
			isa = PBXResourcesBuildPhase;
			buildActionMask = 2147483647;
			files = (
			);
			runOnlyForDeploymentPostprocessing = 0;
		};
/* End PBXResourcesBuildPhase section */

/* Begin PBXSourcesBuildPhase section */
		88A96F5D2D3B6F3800C1A8A5 /* Sources */ = {
			isa = PBXSourcesBuildPhase;
			buildActionMask = 2147483647;
			files = (
			);
			runOnlyForDeploymentPostprocessing = 0;
		};
		88A96F712D3B6F3900C1A8A5 /* Sources */ = {
			isa = PBXSourcesBuildPhase;
			buildActionMask = 2147483647;
			files = (
			);
			runOnlyForDeploymentPostprocessing = 0;
		};
		88A96F7B2D3B6F3900C1A8A5 /* Sources */ = {
			isa = PBXSourcesBuildPhase;
			buildActionMask = 2147483647;
			files = (
			);
			runOnlyForDeploymentPostprocessing = 0;
		};
/* End PBXSourcesBuildPhase section */

/* Begin PBXTargetDependency section */
		88A96F772D3B6F3900C1A8A5 /* PBXTargetDependency */ = {
			isa = PBXTargetDependency;
			target = 88A96F602D3B6F3800C1A8A5 /* SignifcanceOfStones */;
			targetProxy = 88A96F762D3B6F3900C1A8A5 /* PBXContainerItemProxy */;
		};
		88A96F812D3B6F3900C1A8A5 /* PBXTargetDependency */ = {
			isa = PBXTargetDependency;
			target = 88A96F602D3B6F3800C1A8A5 /* SignifcanceOfStones */;
			targetProxy = 88A96F802D3B6F3900C1A8A5 /* PBXContainerItemProxy */;
		};
/* End PBXTargetDependency section */

/* Begin XCBuildConfiguration section */
		88A96F892D3B6F3900C1A8A5 /* Debug */ = {
			isa = XCBuildConfiguration;
			buildSettings = {
				ASSETCATALOG_COMPILER_APPICON_NAME = AppIcon;
				ASSETCATALOG_COMPILER_GLOBAL_ACCENT_COLOR_NAME = AccentColor;
				CODE_SIGN_ENTITLEMENTS = SignifcanceOfStones/SignifcanceOfStones.entitlements;
				CODE_SIGN_STYLE = Automatic;
				CURRENT_PROJECT_VERSION = 1;
				DEVELOPMENT_ASSET_PATHS = "\"SignifcanceOfStones/Preview Content\"";
				DEVELOPMENT_TEAM = MC8BT9Z8GD;
				ENABLE_PREVIEWS = YES;
				GENERATE_INFOPLIST_FILE = YES;
				INFOPLIST_FILE = SignifcanceOfStones/Info.plist;
				INFOPLIST_KEY_UIApplicationSceneManifest_Generation = YES;
				INFOPLIST_KEY_UIApplicationSupportsIndirectInputEvents = YES;
				INFOPLIST_KEY_UILaunchScreen_Generation = YES;
				INFOPLIST_KEY_UISupportedInterfaceOrientations_iPad = "UIInterfaceOrientationPortrait UIInterfaceOrientationPortraitUpsideDown UIInterfaceOrientationLandscapeLeft UIInterfaceOrientationLandscapeRight";
				INFOPLIST_KEY_UISupportedInterfaceOrientations_iPhone = "UIInterfaceOrientationPortrait UIInterfaceOrientationLandscapeLeft UIInterfaceOrientationLandscapeRight";
				LD_RUNPATH_SEARCH_PATHS = (
					"$(inherited)",
					"@executable_path/Frameworks",
				);
				MARKETING_VERSION = 1.0;
				PRODUCT_BUNDLE_IDENTIFIER = AI.Tucuxi.SignifcanceOfStones;
				PRODUCT_NAME = "$(TARGET_NAME)";
				SWIFT_EMIT_LOC_STRINGS = YES;
				SWIFT_VERSION = 5.0;
				TARGETED_DEVICE_FAMILY = "1,2";
			};
			name = Debug;
		};
		88A96F8A2D3B6F3900C1A8A5 /* Release */ = {
			isa = XCBuildConfiguration;
			buildSettings = {
				ASSETCATALOG_COMPILER_APPICON_NAME = AppIcon;
				ASSETCATALOG_COMPILER_GLOBAL_ACCENT_COLOR_NAME = AccentColor;
				CODE_SIGN_ENTITLEMENTS = SignifcanceOfStones/SignifcanceOfStones.entitlements;
				CODE_SIGN_STYLE = Automatic;
				CURRENT_PROJECT_VERSION = 1;
				DEVELOPMENT_ASSET_PATHS = "\"SignifcanceOfStones/Preview Content\"";
				DEVELOPMENT_TEAM = MC8BT9Z8GD;
				ENABLE_PREVIEWS = YES;
				GENERATE_INFOPLIST_FILE = YES;
				INFOPLIST_FILE = SignifcanceOfStones/Info.plist;
				INFOPLIST_KEY_UIApplicationSceneManifest_Generation = YES;
				INFOPLIST_KEY_UIApplicationSupportsIndirectInputEvents = YES;
				INFOPLIST_KEY_UILaunchScreen_Generation = YES;
				INFOPLIST_KEY_UISupportedInterfaceOrientations_iPad = "UIInterfaceOrientationPortrait UIInterfaceOrientationPortraitUpsideDown UIInterfaceOrientationLandscapeLeft UIInterfaceOrientationLandscapeRight";
				INFOPLIST_KEY_UISupportedInterfaceOrientations_iPhone = "UIInterfaceOrientationPortrait UIInterfaceOrientationLandscapeLeft UIInterfaceOrientationLandscapeRight";
				LD_RUNPATH_SEARCH_PATHS = (
					"$(inherited)",
					"@executable_path/Frameworks",
				);
				MARKETING_VERSION = 1.0;
				PRODUCT_BUNDLE_IDENTIFIER = AI.Tucuxi.SignifcanceOfStones;
				PRODUCT_NAME = "$(TARGET_NAME)";
				SWIFT_EMIT_LOC_STRINGS = YES;
				SWIFT_VERSION = 5.0;
				TARGETED_DEVICE_FAMILY = "1,2";
			};
			name = Release;
		};
		88A96F8B2D3B6F3900C1A8A5 /* Debug */ = {
			isa = XCBuildConfiguration;
			buildSettings = {
				ALWAYS_SEARCH_USER_PATHS = NO;
				ASSETCATALOG_COMPILER_GENERATE_SWIFT_ASSET_SYMBOL_EXTENSIONS = YES;
				CLANG_ANALYZER_NONNULL = YES;
				CLANG_ANALYZER_NUMBER_OBJECT_CONVERSION = YES_AGGRESSIVE;
				CLANG_CXX_LANGUAGE_STANDARD = "gnu++20";
				CLANG_ENABLE_MODULES = YES;
				CLANG_ENABLE_OBJC_ARC = YES;
				CLANG_ENABLE_OBJC_WEAK = YES;
				CLANG_WARN_BLOCK_CAPTURE_AUTORELEASING = YES;
				CLANG_WARN_BOOL_CONVERSION = YES;
				CLANG_WARN_COMMA = YES;
				CLANG_WARN_CONSTANT_CONVERSION = YES;
				CLANG_WARN_DEPRECATED_OBJC_IMPLEMENTATIONS = YES;
				CLANG_WARN_DIRECT_OBJC_ISA_USAGE = YES_ERROR;
				CLANG_WARN_DOCUMENTATION_COMMENTS = YES;
				CLANG_WARN_EMPTY_BODY = YES;
				CLANG_WARN_ENUM_CONVERSION = YES;
				CLANG_WARN_INFINITE_RECURSION = YES;
				CLANG_WARN_INT_CONVERSION = YES;
				CLANG_WARN_NON_LITERAL_NULL_CONVERSION = YES;
				CLANG_WARN_OBJC_IMPLICIT_RETAIN_SELF = YES;
				CLANG_WARN_OBJC_LITERAL_CONVERSION = YES;
				CLANG_WARN_OBJC_ROOT_CLASS = YES_ERROR;
				CLANG_WARN_QUOTED_INCLUDE_IN_FRAMEWORK_HEADER = YES;
				CLANG_WARN_RANGE_LOOP_ANALYSIS = YES;
				CLANG_WARN_STRICT_PROTOTYPES = YES;
				CLANG_WARN_SUSPICIOUS_MOVE = YES;
				CLANG_WARN_UNGUARDED_AVAILABILITY = YES_AGGRESSIVE;
				CLANG_WARN_UNREACHABLE_CODE = YES;
				CLANG_WARN__DUPLICATE_METHOD_MATCH = YES;
				COPY_PHASE_STRIP = NO;
				DEBUG_INFORMATION_FORMAT = dwarf;
				ENABLE_STRICT_OBJC_MSGSEND = YES;
				ENABLE_TESTABILITY = YES;
				ENABLE_USER_SCRIPT_SANDBOXING = YES;
				GCC_C_LANGUAGE_STANDARD = gnu17;
				GCC_DYNAMIC_NO_PIC = NO;
				GCC_NO_COMMON_BLOCKS = YES;
				GCC_OPTIMIZATION_LEVEL = 0;
				GCC_PREPROCESSOR_DEFINITIONS = (
					"DEBUG=1",
					"$(inherited)",
				);
				GCC_WARN_64_TO_32_BIT_CONVERSION = YES;
				GCC_WARN_ABOUT_RETURN_TYPE = YES_ERROR;
				GCC_WARN_UNDECLARED_SELECTOR = YES;
				GCC_WARN_UNINITIALIZED_AUTOS = YES_AGGRESSIVE;
				GCC_WARN_UNUSED_FUNCTION = YES;
				GCC_WARN_UNUSED_VARIABLE = YES;
				IPHONEOS_DEPLOYMENT_TARGET = 18.2;
				LOCALIZATION_PREFERS_STRING_CATALOGS = YES;
				MTL_ENABLE_DEBUG_INFO = INCLUDE_SOURCE;
				MTL_FAST_MATH = YES;
				ONLY_ACTIVE_ARCH = YES;
				SDKROOT = iphoneos;
				SWIFT_ACTIVE_COMPILATION_CONDITIONS = "DEBUG $(inherited)";
				SWIFT_OPTIMIZATION_LEVEL = "-Onone";
			};
			name = Debug;
		};
		88A96F8C2D3B6F3900C1A8A5 /* Release */ = {
			isa = XCBuildConfiguration;
			buildSettings = {
				ALWAYS_SEARCH_USER_PATHS = NO;
				ASSETCATALOG_COMPILER_GENERATE_SWIFT_ASSET_SYMBOL_EXTENSIONS = YES;
				CLANG_ANALYZER_NONNULL = YES;
				CLANG_ANALYZER_NUMBER_OBJECT_CONVERSION = YES_AGGRESSIVE;
				CLANG_CXX_LANGUAGE_STANDARD = "gnu++20";
				CLANG_ENABLE_MODULES = YES;
				CLANG_ENABLE_OBJC_ARC = YES;
				CLANG_ENABLE_OBJC_WEAK = YES;
				CLANG_WARN_BLOCK_CAPTURE_AUTORELEASING = YES;
				CLANG_WARN_BOOL_CONVERSION = YES;
				CLANG_WARN_COMMA = YES;
				CLANG_WARN_CONSTANT_CONVERSION = YES;
				CLANG_WARN_DEPRECATED_OBJC_IMPLEMENTATIONS = YES;
				CLANG_WARN_DIRECT_OBJC_ISA_USAGE = YES_ERROR;
				CLANG_WARN_DOCUMENTATION_COMMENTS = YES;
				CLANG_WARN_EMPTY_BODY = YES;
				CLANG_WARN_ENUM_CONVERSION = YES;
				CLANG_WARN_INFINITE_RECURSION = YES;
				CLANG_WARN_INT_CONVERSION = YES;
				CLANG_WARN_NON_LITERAL_NULL_CONVERSION = YES;
				CLANG_WARN_OBJC_IMPLICIT_RETAIN_SELF = YES;
				CLANG_WARN_OBJC_LITERAL_CONVERSION = YES;
				CLANG_WARN_OBJC_ROOT_CLASS = YES_ERROR;
				CLANG_WARN_QUOTED_INCLUDE_IN_FRAMEWORK_HEADER = YES;
				CLANG_WARN_RANGE_LOOP_ANALYSIS = YES;
				CLANG_WARN_STRICT_PROTOTYPES = YES;
				CLANG_WARN_SUSPICIOUS_MOVE = YES;
				CLANG_WARN_UNGUARDED_AVAILABILITY = YES_AGGRESSIVE;
				CLANG_WARN_UNREACHABLE_CODE = YES;
				CLANG_WARN__DUPLICATE_METHOD_MATCH = YES;
				COPY_PHASE_STRIP = NO;
				DEBUG_INFORMATION_FORMAT = "dwarf-with-dsym";
				ENABLE_NS_ASSERTIONS = NO;
				ENABLE_STRICT_OBJC_MSGSEND = YES;
				ENABLE_USER_SCRIPT_SANDBOXING = YES;
				GCC_C_LANGUAGE_STANDARD = gnu17;
				GCC_NO_COMMON_BLOCKS = YES;
				GCC_WARN_64_TO_32_BIT_CONVERSION = YES;
				GCC_WARN_ABOUT_RETURN_TYPE = YES_ERROR;
				GCC_WARN_UNDECLARED_SELECTOR = YES;
				GCC_WARN_UNINITIALIZED_AUTOS = YES_AGGRESSIVE;
				GCC_WARN_UNUSED_FUNCTION = YES;
				GCC_WARN_UNUSED_VARIABLE = YES;
				IPHONEOS_DEPLOYMENT_TARGET = 18.2;
				LOCALIZATION_PREFERS_STRING_CATALOGS = YES;
				MTL_ENABLE_DEBUG_INFO = NO;
				MTL_FAST_MATH = YES;
				SDKROOT = iphoneos;
				SWIFT_COMPILATION_MODE = wholemodule;
				VALIDATE_PRODUCT = YES;
			};
			name = Release;
		};
		88A96F8E2D3B6F3900C1A8A5 /* Debug */ = {
			isa = XCBuildConfiguration;
			buildSettings = {
				BUNDLE_LOADER = "$(TEST_HOST)";
				CODE_SIGN_STYLE = Automatic;
				CURRENT_PROJECT_VERSION = 1;
				DEVELOPMENT_TEAM = MC8BT9Z8GD;
				GENERATE_INFOPLIST_FILE = YES;
				IPHONEOS_DEPLOYMENT_TARGET = 18.2;
				MARKETING_VERSION = 1.0;
				PRODUCT_BUNDLE_IDENTIFIER = AI.Tucuxi.SignifcanceOfStonesTests;
				PRODUCT_NAME = "$(TARGET_NAME)";
				SWIFT_EMIT_LOC_STRINGS = NO;
				SWIFT_VERSION = 5.0;
				TARGETED_DEVICE_FAMILY = "1,2";
				TEST_HOST = "$(BUILT_PRODUCTS_DIR)/SignifcanceOfStones.app/$(BUNDLE_EXECUTABLE_FOLDER_PATH)/SignifcanceOfStones";
			};
			name = Debug;
		};
		88A96F8F2D3B6F3900C1A8A5 /* Release */ = {
			isa = XCBuildConfiguration;
			buildSettings = {
				BUNDLE_LOADER = "$(TEST_HOST)";
				CODE_SIGN_STYLE = Automatic;
				CURRENT_PROJECT_VERSION = 1;
				DEVELOPMENT_TEAM = MC8BT9Z8GD;
				GENERATE_INFOPLIST_FILE = YES;
				IPHONEOS_DEPLOYMENT_TARGET = 18.2;
				MARKETING_VERSION = 1.0;
				PRODUCT_BUNDLE_IDENTIFIER = AI.Tucuxi.SignifcanceOfStonesTests;
				PRODUCT_NAME = "$(TARGET_NAME)";
				SWIFT_EMIT_LOC_STRINGS = NO;
				SWIFT_VERSION = 5.0;
				TARGETED_DEVICE_FAMILY = "1,2";
				TEST_HOST = "$(BUILT_PRODUCTS_DIR)/SignifcanceOfStones.app/$(BUNDLE_EXECUTABLE_FOLDER_PATH)/SignifcanceOfStones";
			};
			name = Release;
		};
		88A96F912D3B6F3900C1A8A5 /* Debug */ = {
			isa = XCBuildConfiguration;
			buildSettings = {
				CODE_SIGN_STYLE = Automatic;
				CURRENT_PROJECT_VERSION = 1;
				DEVELOPMENT_TEAM = MC8BT9Z8GD;
				GENERATE_INFOPLIST_FILE = YES;
				MARKETING_VERSION = 1.0;
				PRODUCT_BUNDLE_IDENTIFIER = AI.Tucuxi.SignifcanceOfStonesUITests;
				PRODUCT_NAME = "$(TARGET_NAME)";
				SWIFT_EMIT_LOC_STRINGS = NO;
				SWIFT_VERSION = 5.0;
				TARGETED_DEVICE_FAMILY = "1,2";
				TEST_TARGET_NAME = SignifcanceOfStones;
			};
			name = Debug;
		};
		88A96F922D3B6F3900C1A8A5 /* Release */ = {
			isa = XCBuildConfiguration;
			buildSettings = {
				CODE_SIGN_STYLE = Automatic;
				CURRENT_PROJECT_VERSION = 1;
				DEVELOPMENT_TEAM = MC8BT9Z8GD;
				GENERATE_INFOPLIST_FILE = YES;
				MARKETING_VERSION = 1.0;
				PRODUCT_BUNDLE_IDENTIFIER = AI.Tucuxi.SignifcanceOfStonesUITests;
				PRODUCT_NAME = "$(TARGET_NAME)";
				SWIFT_EMIT_LOC_STRINGS = NO;
				SWIFT_VERSION = 5.0;
				TARGETED_DEVICE_FAMILY = "1,2";
				TEST_TARGET_NAME = SignifcanceOfStones;
			};
			name = Release;
		};
/* End XCBuildConfiguration section */

/* Begin XCConfigurationList section */
		88A96F5C2D3B6F3800C1A8A5 /* Build configuration list for PBXProject "SignifcanceOfStones" */ = {
			isa = XCConfigurationList;
			buildConfigurations = (
				88A96F8B2D3B6F3900C1A8A5 /* Debug */,
				88A96F8C2D3B6F3900C1A8A5 /* Release */,
			);
			defaultConfigurationIsVisible = 0;
			defaultConfigurationName = Release;
		};
		88A96F882D3B6F3900C1A8A5 /* Build configuration list for PBXNativeTarget "SignifcanceOfStones" */ = {
			isa = XCConfigurationList;
			buildConfigurations = (
				88A96F892D3B6F3900C1A8A5 /* Debug */,
				88A96F8A2D3B6F3900C1A8A5 /* Release */,
			);
			defaultConfigurationIsVisible = 0;
			defaultConfigurationName = Release;
		};
		88A96F8D2D3B6F3900C1A8A5 /* Build configuration list for PBXNativeTarget "SignifcanceOfStonesTests" */ = {
			isa = XCConfigurationList;
			buildConfigurations = (
				88A96F8E2D3B6F3900C1A8A5 /* Debug */,
				88A96F8F2D3B6F3900C1A8A5 /* Release */,
			);
			defaultConfigurationIsVisible = 0;
			defaultConfigurationName = Release;
		};
		88A96F902D3B6F3900C1A8A5 /* Build configuration list for PBXNativeTarget "SignifcanceOfStonesUITests" */ = {
			isa = XCConfigurationList;
			buildConfigurations = (
				88A96F912D3B6F3900C1A8A5 /* Debug */,
				88A96F922D3B6F3900C1A8A5 /* Release */,
			);
			defaultConfigurationIsVisible = 0;
			defaultConfigurationName = Release;
		};
/* End XCConfigurationList section */
	};
	rootObject = 88A96F592D3B6F3800C1A8A5 /* Project object */;
}
